
Microsoft Visual Studio Solution File, Format Version 12.00
# Visual Studio Version 17
VisualStudioVersion = 17.11.35222.181
MinimumVisualStudioVersion = 10.0.40219.1
Project("{FAE04EC0-301F-11D3-BF4B-00C04F79EFBC}") = "LAB_LTWEB_K63", "6351071005_LTWEB_K63\LAB_LTWEB_K63.csproj", "{63A9E984-421B-415D-A5B9-376CE0363BDF}"
EndProject
Global
	GlobalSection(SolutionConfigurationPlatforms) = preSolution
		Debug|Any CPU = Debug|Any CPU
		Release|Any CPU = Release|Any CPU
	EndGlobalSection
	GlobalSection(ProjectConfigurationPlatforms) = postSolution
		{63A9E984-421B-415D-A5B9-376CE0363BDF}.Debug|Any CPU.ActiveCfg = Debug|Any CPU
		{63A9E984-421B-415D-A5B9-376CE0363BDF}.Debug|Any CPU.Build.0 = Debug|Any CPU
		{63A9E984-421B-415D-A5B9-376CE0363BDF}.Release|Any CPU.ActiveCfg = Release|Any CPU
		{63A9E984-421B-415D-A5B9-376CE0363BDF}.Release|Any CPU.Build.0 = Release|Any CPU
	EndGlobalSection
	GlobalSection(SolutionProperties) = preSolution
		HideSolutionNode = FALSE
	EndGlobalSection
	GlobalSection(ExtensibilityGlobals) = postSolution
		SolutionGuid = {6DA7A650-18F9-47A7-A43C-D755FA23719D}
	EndGlobalSection
EndGlobal
